
Microsoft Visual Studio Solution File, Format Version 12.00
# Visual Studio Version 16
VisualStudioVersion = 16.0.31515.178
MinimumVisualStudioVersion = 10.0.40219.1
Project("{FAE04EC0-301F-11D3-BF4B-00C04F79EFBC}") = "TranslateAzure", "TranslateAzure.csproj", "{34E1DA3B-7F79-4C16-8287-10A3B99250D5}"
EndProject
Global
	GlobalSection(SolutionConfigurationPlatforms) = preSolution
		Debug|Any CPU = Debug|Any CPU
		Release|Any CPU = Release|Any CPU
	EndGlobalSection
	GlobalSection(ProjectConfigurationPlatforms) = postSolution
		{34E1DA3B-7F79-4C16-8287-10A3B99250D5}.Debug|Any CPU.ActiveCfg = Debug|Any CPU
		{34E1DA3B-7F79-4C16-8287-10A3B99250D5}.Debug|Any CPU.Build.0 = Debug|Any CPU
		{34E1DA3B-7F79-4C16-8287-10A3B99250D5}.Release|Any CPU.ActiveCfg = Release|Any CPU
		{34E1DA3B-7F79-4C16-8287-10A3B99250D5}.Release|Any CPU.Build.0 = Release|Any CPU
	EndGlobalSection
	GlobalSection(SolutionProperties) = preSolution
		HideSolutionNode = FALSE
	EndGlobalSection
	GlobalSection(ExtensibilityGlobals) = postSolution
		SolutionGuid = {9842E541-9745-490E-9AD9-23245FEAFFB9}
	EndGlobalSection
EndGlobal
